
Microsoft Visual Studio Solution File, Format Version 12.00
# Visual Studio Version 17
VisualStudioVersion = 17.9.34701.34
MinimumVisualStudioVersion = 10.0.40219.1
Project("{FAE04EC0-301F-11D3-BF4B-00C04F79EFBC}") = "TFCyberDemoBlazorWasm", "TFCyberDemoBlazorWasm\TFCyberDemoBlazorWasm.csproj", "{0C9740C3-5290-4400-9F41-9F59DA12522C}"
EndProject
Global
	GlobalSection(SolutionConfigurationPlatforms) = preSolution
		Debug|Any CPU = Debug|Any CPU
		Release|Any CPU = Release|Any CPU
	EndGlobalSection
	GlobalSection(ProjectConfigurationPlatforms) = postSolution
		{0C9740C3-5290-4400-9F41-9F59DA12522C}.Debug|Any CPU.ActiveCfg = Debug|Any CPU
		{0C9740C3-5290-4400-9F41-9F59DA12522C}.Debug|Any CPU.Build.0 = Debug|Any CPU
		{0C9740C3-5290-4400-9F41-9F59DA12522C}.Release|Any CPU.ActiveCfg = Release|Any CPU
		{0C9740C3-5290-4400-9F41-9F59DA12522C}.Release|Any CPU.Build.0 = Release|Any CPU
	EndGlobalSection
	GlobalSection(SolutionProperties) = preSolution
		HideSolutionNode = FALSE
	EndGlobalSection
	GlobalSection(ExtensibilityGlobals) = postSolution
		SolutionGuid = {9229B563-6B06-4298-87AC-C56B58E29FB8}
	EndGlobalSection
EndGlobal
